
Microsoft Visual Studio Solution File, Format Version 12.00
# Visual Studio Version 17
VisualStudioVersion = 17.4.33110.190
MinimumVisualStudioVersion = 10.0.40219.1
Project("{9A19103F-16F7-4668-BE54-9A1E7A4F7556}") = "MovieApp.Core", "src\MovieApp.Core\MovieApp.Core.csproj", "{5DB56E79-1D44-47CE-89CA-FD8A383DC3DC}"
EndProject
Project("{9A19103F-16F7-4668-BE54-9A1E7A4F7556}") = "MovieApp.Infrastructure", "src\MovieApp.Infrastructure\MovieApp.Infrastructure.csproj", "{AB0F0B57-4D18-4999-8EE8-0507BA877C18}"
EndProject
Project("{9A19103F-16F7-4668-BE54-9A1E7A4F7556}") = "MovieApp.Web", "src\MovieApp.Web\MovieApp.Web.csproj", "{72908AFA-ACC6-456E-AB2F-461EA8F44D37}"
EndProject
Global
	GlobalSection(SolutionConfigurationPlatforms) = preSolution
		Debug|Any CPU = Debug|Any CPU
		Release|Any CPU = Release|Any CPU
	EndGlobalSection
	GlobalSection(ProjectConfigurationPlatforms) = postSolution
		{5DB56E79-1D44-47CE-89CA-FD8A383DC3DC}.Debug|Any CPU.ActiveCfg = Debug|Any CPU
		{5DB56E79-1D44-47CE-89CA-FD8A383DC3DC}.Debug|Any CPU.Build.0 = Debug|Any CPU
		{5DB56E79-1D44-47CE-89CA-FD8A383DC3DC}.Release|Any CPU.ActiveCfg = Release|Any CPU
		{5DB56E79-1D44-47CE-89CA-FD8A383DC3DC}.Release|Any CPU.Build.0 = Release|Any CPU
		{AB0F0B57-4D18-4999-8EE8-0507BA877C18}.Debug|Any CPU.ActiveCfg = Debug|Any CPU
		{AB0F0B57-4D18-4999-8EE8-0507BA877C18}.Debug|Any CPU.Build.0 = Debug|Any CPU
		{AB0F0B57-4D18-4999-8EE8-0507BA877C18}.Release|Any CPU.ActiveCfg = Release|Any CPU
		{AB0F0B57-4D18-4999-8EE8-0507BA877C18}.Release|Any CPU.Build.0 = Release|Any CPU
		{72908AFA-ACC6-456E-AB2F-461EA8F44D37}.Debug|Any CPU.ActiveCfg = Debug|Any CPU
		{72908AFA-ACC6-456E-AB2F-461EA8F44D37}.Debug|Any CPU.Build.0 = Debug|Any CPU
		{72908AFA-ACC6-456E-AB2F-461EA8F44D37}.Release|Any CPU.ActiveCfg = Release|Any CPU
		{72908AFA-ACC6-456E-AB2F-461EA8F44D37}.Release|Any CPU.Build.0 = Release|Any CPU
	EndGlobalSection
	GlobalSection(SolutionProperties) = preSolution
		HideSolutionNode = FALSE
	EndGlobalSection
	GlobalSection(ExtensibilityGlobals) = postSolution
		SolutionGuid = {FC4E449F-B12A-416B-960B-7B372B0367E8}
	EndGlobalSection
EndGlobal
